// !$*UTF8*$!
{
	archiveVersion = 1;
	classes = {
	};
	objectVersion = 46;
	objects = {

/* Begin PBXBuildFile section */
		B94123721ADFA37000265004 /* AppDelegate.swift in Sources */ = {isa = PBXBuildFile; fileRef = B94123711ADFA37000265004 /* AppDelegate.swift */; };
		B94123741ADFA37000265004 /* ViewController.swift in Sources */ = {isa = PBXBuildFile; fileRef = B94123731ADFA37000265004 /* ViewController.swift */; };
		B94123771ADFA37000265004 /* Main.storyboard in Resources */ = {isa = PBXBuildFile; fileRef = B94123751ADFA37000265004 /* Main.storyboard */; };
		B94123791ADFA37000265004 /* Images.xcassets in Resources */ = {isa = PBXBuildFile; fileRef = B94123781ADFA37000265004 /* Images.xcassets */; };
		B941237C1ADFA37000265004 /* LaunchScreen.xib in Resources */ = {isa = PBXBuildFile; fileRef = B941237A1ADFA37000265004 /* LaunchScreen.xib */; };
		B94123881ADFA37000265004 /* TipCalculatorTests.swift in Sources */ = {isa = PBXBuildFile; fileRef = B94123871ADFA37000265004 /* TipCalculatorTests.swift */; };
		B9ED836E1ADFA54A00B60227 /* TipCalculatorModel.swift in Sources */ = {isa = PBXBuildFile; fileRef = B9ED836D1ADFA54A00B60227 /* TipCalculatorModel.swift */; };
/* End PBXBuildFile section */

/* Begin PBXContainerItemProxy section */
		B94123821ADFA37000265004 /* PBXContainerItemProxy */ = {
			isa = PBXContainerItemProxy;
			containerPortal = B94123641ADFA36F00265004 /* Project object */;
			proxyType = 1;
			remoteGlobalIDString = B941236B1ADFA37000265004;
			remoteInfo = TipCalculator;
		};
/* End PBXContainerItemProxy section */

/* Begin PBXFileReference section */
		B941236C1ADFA37000265004 /* TipCalculator.app */ = {isa = PBXFileReference; explicitFileType = wrapper.application; includeInIndex = 0; path = TipCalculator.app; sourceTree = BUILT_PRODUCTS_DIR; };
		B94123701ADFA37000265004 /* Info.plist */ = {isa = PBXFileReference; lastKnownFileType = text.plist.xml; path = Info.plist; sourceTree = "<group>"; };
		B94123711ADFA37000265004 /* AppDelegate.swift */ = {isa = PBXFileReference; lastKnownFileType = sourcecode.swift; path = AppDelegate.swift; sourceTree = "<group>"; };
		B94123731ADFA37000265004 /* ViewController.swift */ = {isa = PBXFileReference; lastKnownFileType = sourcecode.swift; path = ViewController.swift; sourceTree = "<group>"; };
		B94123761ADFA37000265004 /* Base */ = {isa = PBXFileReference; lastKnownFileType = file.storyboard; name = Base; path = Base.lproj/Main.storyboard; sourceTree = "<group>"; };
		B94123781ADFA37000265004 /* Images.xcassets */ = {isa = PBXFileReference; lastKnownFileType = folder.assetcatalog; path = Images.xcassets; sourceTree = "<group>"; };
		B941237B1ADFA37000265004 /* Base */ = {isa = PBXFileReference; lastKnownFileType = file.xib; name = Base; path = Base.lproj/LaunchScreen.xib; sourceTree = "<group>"; };
		B94123811ADFA37000265004 /* TipCalculatorTests.xctest */ = {isa = PBXFileReference; explicitFileType = wrapper.cfbundle; includeInIndex = 0; path = TipCalculatorTests.xctest; sourceTree = BUILT_PRODUCTS_DIR; };
		B94123861ADFA37000265004 /* Info.plist */ = {isa = PBXFileReference; lastKnownFileType = text.plist.xml; path = Info.plist; sourceTree = "<group>"; };
		B94123871ADFA37000265004 /* TipCalculatorTests.swift */ = {isa = PBXFileReference; lastKnownFileType = sourcecode.swift; path = TipCalculatorTests.swift; sourceTree = "<group>"; };
		B9ED836D1ADFA54A00B60227 /* TipCalculatorModel.swift */ = {isa = PBXFileReference; fileEncoding = 4; lastKnownFileType = sourcecode.swift; path = TipCalculatorModel.swift; sourceTree = "<group>"; };
/* End PBXFileReference section */

/* Begin PBXFrameworksBuildPhase section */
		B94123691ADFA37000265004 /* Frameworks */ = {
			isa = PBXFrameworksBuildPhase;
			buildActionMask = 2147483647;
			files = (
			);
			runOnlyForDeploymentPostprocessing = 0;
		};
		B941237E1ADFA37000265004 /* Frameworks */ = {
			isa = PBXFrameworksBuildPhase;
			buildActionMask = 2147483647;
			files = (
			);
			runOnlyForDeploymentPostprocessing = 0;
		};
/* End PBXFrameworksBuildPhase section */

/* Begin PBXGroup section */
		B94123631ADFA36F00265004 = {
			isa = PBXGroup;
			children = (
				B941236E1ADFA37000265004 /* TipCalculator */,
				B94123841ADFA37000265004 /* TipCalculatorTests */,
				B941236D1ADFA37000265004 /* Products */,
			);
			sourceTree = "<group>";
		};
		B941236D1ADFA37000265004 /* Products */ = {
			isa = PBXGroup;
			children = (
				B941236C1ADFA37000265004 /* TipCalculator.app */,
				B94123811ADFA37000265004 /* TipCalculatorTests.xctest */,
			);
			name = Products;
			sourceTree = "<group>";
		};
		B941236E1ADFA37000265004 /* TipCalculator */ = {
			isa = PBXGroup;
			children = (
				B9ED836D1ADFA54A00B60227 /* TipCalculatorModel.swift */,
				B94123711ADFA37000265004 /* AppDelegate.swift */,
				B94123731ADFA37000265004 /* ViewController.swift */,
				B94123751ADFA37000265004 /* Main.storyboard */,
				B94123781ADFA37000265004 /* Images.xcassets */,
				B941237A1ADFA37000265004 /* LaunchScreen.xib */,
				B941236F1ADFA37000265004 /* Supporting Files */,
			);
			path = TipCalculator;
			sourceTree = "<group>";
		};
		B941236F1ADFA37000265004 /* Supporting Files */ = {
			isa = PBXGroup;
			children = (
				B94123701ADFA37000265004 /* Info.plist */,
			);
			name = "Supporting Files";
			sourceTree = "<group>";
		};
		B94123841ADFA37000265004 /* TipCalculatorTests */ = {
			isa = PBXGroup;
			children = (
				B94123871ADFA37000265004 /* TipCalculatorTests.swift */,
				B94123851ADFA37000265004 /* Supporting Files */,
			);
			path = TipCalculatorTests;
			sourceTree = "<group>";
		};
		B94123851ADFA37000265004 /* Supporting Files */ = {
			isa = PBXGroup;
			children = (
				B94123861ADFA37000265004 /* Info.plist */,
			);
			name = "Supporting Files";
			sourceTree = "<group>";
		};
/* End PBXGroup section */

/* Begin PBXNativeTarget section */
		B941236B1ADFA37000265004 /* TipCalculator */ = {
			isa = PBXNativeTarget;
			buildConfigurationList = B941238B1ADFA37000265004 /* Build configuration list for PBXNativeTarget "TipCalculator" */;
			buildPhases = (
				B94123681ADFA37000265004 /* Sources */,
				B94123691ADFA37000265004 /* Frameworks */,
				B941236A1ADFA37000265004 /* Resources */,
			);
			buildRules = (
			);
			dependencies = (
			);
			name = TipCalculator;
			productName = TipCalculator;
			productReference = B941236C1ADFA37000265004 /* TipCalculator.app */;
			productType = "com.apple.product-type.application";
		};
		B94123801ADFA37000265004 /* TipCalculatorTests */ = {
			isa = PBXNativeTarget;
			buildConfigurationList = B941238E1ADFA37000265004 /* Build configuration list for PBXNativeTarget "TipCalculatorTests" */;
			buildPhases = (
				B941237D1ADFA37000265004 /* Sources */,
				B941237E1ADFA37000265004 /* Frameworks */,
				B941237F1ADFA37000265004 /* Resources */,
			);
			buildRules = (
			);
			dependencies = (
				B94123831ADFA37000265004 /* PBXTargetDependency */,
			);
			name = TipCalculatorTests;
			productName = TipCalculatorTests;
			productReference = B94123811ADFA37000265004 /* TipCalculatorTests.xctest */;
			productType = "com.apple.product-type.bundle.unit-test";
		};
/* End PBXNativeTarget section */

/* Begin PBXProject section */
		B94123641ADFA36F00265004 /* Project object */ = {
			isa = PBXProject;
			attributes = {
				LastUpgradeCheck = 0630;
				ORGANIZATIONNAME = BEI5000;
				TargetAttributes = {
					B941236B1ADFA37000265004 = {
						CreatedOnToolsVersion = 6.3;
					};
					B94123801ADFA37000265004 = {
						CreatedOnToolsVersion = 6.3;
						TestTargetID = B941236B1ADFA37000265004;
					};
				};
			};
			buildConfigurationList = B94123671ADFA36F00265004 /* Build configuration list for PBXProject "TipCalculator" */;
			compatibilityVersion = "Xcode 3.2";
			developmentRegion = English;
			hasScannedForEncodings = 0;
			knownRegions = (
				en,
				Base,
			);
			mainGroup = B94123631ADFA36F00265004;
			productRefGroup = B941236D1ADFA37000265004 /* Products */;
			projectDirPath = "";
			projectRoot = "";
			targets = (
				B941236B1ADFA37000265004 /* TipCalculator */,
				B94123801ADFA37000265004 /* TipCalculatorTests */,
			);
		};
/* End PBXProject section */

/* Begin PBXResourcesBuildPhase section */
		B941236A1ADFA37000265004 /* Resources */ = {
			isa = PBXResourcesBuildPhase;
			buildActionMask = 2147483647;
			files = (
				B94123771ADFA37000265004 /* Main.storyboard in Resources */,
				B941237C1ADFA37000265004 /* LaunchScreen.xib in Resources */,
				B94123791ADFA37000265004 /* Images.xcassets in Resources */,
			);
			runOnlyForDeploymentPostprocessing = 0;
		};
		B941237F1ADFA37000265004 /* Resources */ = {
			isa = PBXResourcesBuildPhase;
			buildActionMask = 2147483647;
			files = (
			);
			runOnlyForDeploymentPostprocessing = 0;
		};
/* End PBXResourcesBuildPhase section */

/* Begin PBXSourcesBuildPhase section */
		B94123681ADFA37000265004 /* Sources */ = {
			isa = PBXSourcesBuildPhase;
			buildActionMask = 2147483647;
			files = (
				B9ED836E1ADFA54A00B60227 /* TipCalculatorModel.swift in Sources */,
				B94123741ADFA37000265004 /* ViewController.swift in Sources */,
				B94123721ADFA37000265004 /* AppDelegate.swift in Sources */,
			);
			runOnlyForDeploymentPostprocessing = 0;
		};
		B941237D1ADFA37000265004 /* Sources */ = {
			isa = PBXSourcesBuildPhase;
			buildActionMask = 2147483647;
			files = (
				B94123881ADFA37000265004 /* TipCalculatorTests.swift in Sources */,
			);
			runOnlyForDeploymentPostprocessing = 0;
		};
/* End PBXSourcesBuildPhase section */

/* Begin PBXTargetDependency section */
		B94123831ADFA37000265004 /* PBXTargetDependency */ = {
			isa = PBXTargetDependency;
			target = B941236B1ADFA37000265004 /* TipCalculator */;
			targetProxy = B94123821ADFA37000265004 /* PBXContainerItemProxy */;
		};
/* End PBXTargetDependency section */

/* Begin PBXVariantGroup section */
		B94123751ADFA37000265004 /* Main.storyboard */ = {
			isa = PBXVariantGroup;
			children = (
				B94123761ADFA37000265004 /* Base */,
			);
			name = Main.storyboard;
			sourceTree = "<group>";
		};
		B941237A1ADFA37000265004 /* LaunchScreen.xib */ = {
			isa = PBXVariantGroup;
			children = (
				B941237B1ADFA37000265004 /* Base */,
			);
			name = LaunchScreen.xib;
			sourceTree = "<group>";
		};
/* End PBXVariantGroup section */

/* Begin XCBuildConfiguration section */
		B94123891ADFA37000265004 /* Debug */ = {
			isa = XCBuildConfiguration;
			buildSettings = {
				ALWAYS_SEARCH_USER_PATHS = NO;
				CLANG_CXX_LANGUAGE_STANDARD = "gnu++0x";
				CLANG_CXX_LIBRARY = "libc++";
				CLANG_ENABLE_MODULES = YES;
				CLANG_ENABLE_OBJC_ARC = YES;
				CLANG_WARN_BOOL_CONVERSION = YES;
				CLANG_WARN_CONSTANT_CONVERSION = YES;
				CLANG_WARN_DIRECT_OBJC_ISA_USAGE = YES_ERROR;
				CLANG_WARN_EMPTY_BODY = YES;
				CLANG_WARN_ENUM_CONVERSION = YES;
				CLANG_WARN_INT_CONVERSION = YES;
				CLANG_WARN_OBJC_ROOT_CLASS = YES_ERROR;
				CLANG_WARN_UNREACHABLE_CODE = YES;
				CLANG_WARN__DUPLICATE_METHOD_MATCH = YES;
				"CODE_SIGN_IDENTITY[sdk=iphoneos*]" = "iPhone Developer";
				COPY_PHASE_STRIP = NO;
				DEBUG_INFORMATION_FORMAT = "dwarf-with-dsym";
				ENABLE_STRICT_OBJC_MSGSEND = YES;
				GCC_C_LANGUAGE_STANDARD = gnu99;
				GCC_DYNAMIC_NO_PIC = NO;
				GCC_NO_COMMON_BLOCKS = YES;
				GCC_OPTIMIZATION_LEVEL = 0;
				GCC_PREPROCESSOR_DEFINITIONS = (
					"DEBUG=1",
					"$(inherited)",
				);
				GCC_SYMBOLS_PRIVATE_EXTERN = NO;
				GCC_WARN_64_TO_32_BIT_CONVERSION = YES;
				GCC_WARN_ABOUT_RETURN_TYPE = YES_ERROR;
				GCC_WARN_UNDECLARED_SELECTOR = YES;
				GCC_WARN_UNINITIALIZED_AUTOS = YES_AGGRESSIVE;
				GCC_WARN_UNUSED_FUNCTION = YES;
				GCC_WARN_UNUSED_VARIABLE = YES;
				IPHONEOS_DEPLOYMENT_TARGET = 8.3;
				MTL_ENABLE_DEBUG_INFO = YES;
				ONLY_ACTIVE_ARCH = YES;
				SDKROOT = iphoneos;
				SWIFT_OPTIMIZATION_LEVEL = "-Onone";
			};
			name = Debug;
		};
		B941238A1ADFA37000265004 /* Release */ = {
			isa = XCBuildConfiguration;
			buildSettings = {
				ALWAYS_SEARCH_USER_PATHS = NO;
				CLANG_CXX_LANGUAGE_STANDARD = "gnu++0x";
				CLANG_CXX_LIBRARY = "libc++";
				CLANG_ENABLE_MODULES = YES;
				CLANG_ENABLE_OBJC_ARC = YES;
				CLANG_WARN_BOOL_CONVERSION = YES;
				CLANG_WARN_CONSTANT_CONVERSION = YES;
				CLANG_WARN_DIRECT_OBJC_ISA_USAGE = YES_ERROR;
				CLANG_WARN_EMPTY_BODY = YES;
				CLANG_WARN_ENUM_CONVERSION = YES;
				CLANG_WARN_INT_CONVERSION = YES;
				CLANG_WARN_OBJC_ROOT_CLASS = YES_ERROR;
				CLANG_WARN_UNREACHABLE_CODE = YES;
				CLANG_WARN__DUPLICATE_METHOD_MATCH = YES;
				"CODE_SIGN_IDENTITY[sdk=iphoneos*]" = "iPhone Developer";
				COPY_PHASE_STRIP = NO;
				DEBUG_INFORMATION_FORMAT = "dwarf-with-dsym";
				ENABLE_NS_ASSERTIONS = NO;
				ENABLE_STRICT_OBJC_MSGSEND = YES;
				GCC_C_LANGUAGE_STANDARD = gnu99;
				GCC_NO_COMMON_BLOCKS = YES;
				GCC_WARN_64_TO_32_BIT_CONVERSION = YES;
				GCC_WARN_ABOUT_RETURN_TYPE = YES_ERROR;
				GCC_WARN_UNDECLARED_SELECTOR = YES;
				GCC_WARN_UNINITIALIZED_AUTOS = YES_AGGRESSIVE;
				GCC_WARN_UNUSED_FUNCTION = YES;
				GCC_WARN_UNUSED_VARIABLE = YES;
				IPHONEOS_DEPLOYMENT_TARGET = 8.3;
				MTL_ENABLE_DEBUG_INFO = NO;
				SDKROOT = iphoneos;
				VALIDATE_PRODUCT = YES;
			};
			name = Release;
		};
		B941238C1ADFA37000265004 /* Debug */ = {
			isa = XCBuildConfiguration;
			buildSettings = {
				ASSETCATALOG_COMPILER_APPICON_NAME = AppIcon;
				INFOPLIST_FILE = TipCalculator/Info.plist;
				LD_RUNPATH_SEARCH_PATHS = "$(inherited) @executable_path/Frameworks";
				PRODUCT_NAME = "$(TARGET_NAME)";
			};
			name = Debug;
		};
		B941238D1ADFA37000265004 /* Release */ = {
			isa = XCBuildConfiguration;
			buildSettings = {
				ASSETCATALOG_COMPILER_APPICON_NAME = AppIcon;
				INFOPLIST_FILE = TipCalculator/Info.plist;
				LD_RUNPATH_SEARCH_PATHS = "$(inherited) @executable_path/Frameworks";
				PRODUCT_NAME = "$(TARGET_NAME)";
			};
			name = Release;
		};
		B941238F1ADFA37000265004 /* Debug */ = {
			isa = XCBuildConfiguration;
			buildSettings = {
				BUNDLE_LOADER = "$(TEST_HOST)";
				FRAMEWORK_SEARCH_PATHS = (
					"$(SDKROOT)/Developer/Library/Frameworks",
					"$(inherited)",
				);
				GCC_PREPROCESSOR_DEFINITIONS = (
					"DEBUG=1",
					"$(inherited)",
				);
				INFOPLIST_FILE = TipCalculatorTests/Info.plist;
				LD_RUNPATH_SEARCH_PATHS = "$(inherited) @executable_path/Frameworks @loader_path/Frameworks";
				PRODUCT_NAME = "$(TARGET_NAME)";
				TEST_HOST = "$(BUILT_PRODUCTS_DIR)/TipCalculator.app/TipCalculator";
			};
			name = Debug;
		};
		B94123901ADFA37000265004 /* Release */ = {
			isa = XCBuildConfiguration;
			buildSettings = {
				BUNDLE_LOADER = "$(TEST_HOST)";
				FRAMEWORK_SEARCH_PATHS = (
					"$(SDKROOT)/Developer/Library/Frameworks",
					"$(inherited)",
				);
				INFOPLIST_FILE = TipCalculatorTests/Info.plist;
				LD_RUNPATH_SEARCH_PATHS = "$(inherited) @executable_path/Frameworks @loader_path/Frameworks";
				PRODUCT_NAME = "$(TARGET_NAME)";
				TEST_HOST = "$(BUILT_PRODUCTS_DIR)/TipCalculator.app/TipCalculator";
			};
			name = Release;
		};
/* End XCBuildConfiguration section */

/* Begin XCConfigurationList section */
		B94123671ADFA36F00265004 /* Build configuration list for PBXProject "TipCalculator" */ = {
			isa = XCConfigurationList;
			buildConfigurations = (
				B94123891ADFA37000265004 /* Debug */,
				B941238A1ADFA37000265004 /* Release */,
			);
			defaultConfigurationIsVisible = 0;
			defaultConfigurationName = Release;
		};
		B941238B1ADFA37000265004 /* Build configuration list for PBXNativeTarget "TipCalculator" */ = {
			isa = XCConfigurationList;
			buildConfigurations = (
				B941238C1ADFA37000265004 /* Debug */,
				B941238D1ADFA37000265004 /* Release */,
			);
			defaultConfigurationIsVisible = 0;
			defaultConfigurationName = Release;
		};
		B941238E1ADFA37000265004 /* Build configuration list for PBXNativeTarget "TipCalculatorTests" */ = {
			isa = XCConfigurationList;
			buildConfigurations = (
				B941238F1ADFA37000265004 /* Debug */,
				B94123901ADFA37000265004 /* Release */,
			);
			defaultConfigurationIsVisible = 0;
			defaultConfigurationName = Release;
		};
/* End XCConfigurationList section */
	};
	rootObject = B94123641ADFA36F00265004 /* Project object */;
}
